
Microsoft Visual Studio Solution File, Format Version 12.00
# Visual Studio Version 17
VisualStudioVersion = 17.5.33414.496
MinimumVisualStudioVersion = 10.0.40219.1
Project("{FAE04EC0-301F-11D3-BF4B-00C04F79EFBC}") = "TestCase", "TestCase\TestCase.csproj", "{320A507C-24CF-44B8-B032-7D87644B41F5}"
EndProject
Global
	GlobalSection(SolutionConfigurationPlatforms) = preSolution
		Debug|Any CPU = Debug|Any CPU
		Release|Any CPU = Release|Any CPU
	EndGlobalSection
	GlobalSection(ProjectConfigurationPlatforms) = postSolution
		{320A507C-24CF-44B8-B032-7D87644B41F5}.Debug|Any CPU.ActiveCfg = Debug|Any CPU
		{320A507C-24CF-44B8-B032-7D87644B41F5}.Debug|Any CPU.Build.0 = Debug|Any CPU
		{320A507C-24CF-44B8-B032-7D87644B41F5}.Release|Any CPU.ActiveCfg = Release|Any CPU
		{320A507C-24CF-44B8-B032-7D87644B41F5}.Release|Any CPU.Build.0 = Release|Any CPU
	EndGlobalSection
	GlobalSection(SolutionProperties) = preSolution
		HideSolutionNode = FALSE
	EndGlobalSection
	GlobalSection(ExtensibilityGlobals) = postSolution
		SolutionGuid = {F8092243-548C-4561-AF12-82CC0B8C3186}
	EndGlobalSection
EndGlobal
